
Microsoft Visual Studio Solution File, Format Version 12.00
# Visual Studio Version 16
VisualStudioVersion = 16.0.29806.167
MinimumVisualStudioVersion = 10.0.40219.1
Project("{FAE04EC0-301F-11D3-BF4B-00C04F79EFBC}") = "HR_Api_Demo", "HR_Api_Demo\HR_Api_Demo.csproj", "{31359B19-5FCA-4A32-A03F-2A49348E3800}"
EndProject
Project("{FAE04EC0-301F-11D3-BF4B-00C04F79EFBC}") = "JBHRIS.Api.Dto", "JBHRIS.Api.Dto\JBHRIS.Api.Dto.csproj", "{792AC32A-4D7A-4887-B084-CD4568DC6419}"
EndProject
Project("{FAE04EC0-301F-11D3-BF4B-00C04F79EFBC}") = "JBHRIS.Api.Dal", "JBHRIS.Api.Dal\JBHRIS.Api.Dal.csproj", "{B1F7C469-F804-464F-9A23-9B234C6282B7}"
EndProject
Project("{FAE04EC0-301F-11D3-BF4B-00C04F79EFBC}") = "JBHRIS.Api.Bll", "JBHRIS.Api.Bll\JBHRIS.Api.Bll.csproj", "{C4A9DC6A-C63F-48C2-BFB7-ED1FDC1C8C1F}"
EndProject
Project("{FAE04EC0-301F-11D3-BF4B-00C04F79EFBC}") = "JBHRIS.Api.Service", "JBHRIS.Api.Service\JBHRIS.Api.Service.csproj", "{18E5B1D3-35AB-48E1-BD81-99929112FD13}"
EndProject
Project("{2150E333-8FDC-42A3-9474-1A3956D46DE8}") = "1-1.服務", "1-1.服務", "{625B1876-7578-4BA2-B1C2-E601B36C74C3}"
EndProject
Project("{2150E333-8FDC-42A3-9474-1A3956D46DE8}") = "2-1.邏輯", "2-1.邏輯", "{0788EE7B-656A-4BB8-88BF-5DD4D8232DF6}"
EndProject
Project("{2150E333-8FDC-42A3-9474-1A3956D46DE8}") = "2-2.資料", "2-2.資料", "{BA293A04-CD3D-42E2-AD16-E2632648A75D}"
EndProject
Project("{2150E333-8FDC-42A3-9474-1A3956D46DE8}") = "3-1.DTO", "3-1.DTO", "{1876C6F0-9C65-4DA0-AC8F-9F356A83E3F1}"
EndProject
Global
	GlobalSection(SolutionConfigurationPlatforms) = preSolution
		Debug|Any CPU = Debug|Any CPU
		Release|Any CPU = Release|Any CPU
	EndGlobalSection
	GlobalSection(ProjectConfigurationPlatforms) = postSolution
		{31359B19-5FCA-4A32-A03F-2A49348E3800}.Debug|Any CPU.ActiveCfg = Debug|Any CPU
		{31359B19-5FCA-4A32-A03F-2A49348E3800}.Debug|Any CPU.Build.0 = Debug|Any CPU
		{31359B19-5FCA-4A32-A03F-2A49348E3800}.Release|Any CPU.ActiveCfg = Release|Any CPU
		{31359B19-5FCA-4A32-A03F-2A49348E3800}.Release|Any CPU.Build.0 = Release|Any CPU
		{792AC32A-4D7A-4887-B084-CD4568DC6419}.Debug|Any CPU.ActiveCfg = Debug|Any CPU
		{792AC32A-4D7A-4887-B084-CD4568DC6419}.Debug|Any CPU.Build.0 = Debug|Any CPU
		{792AC32A-4D7A-4887-B084-CD4568DC6419}.Release|Any CPU.ActiveCfg = Release|Any CPU
		{792AC32A-4D7A-4887-B084-CD4568DC6419}.Release|Any CPU.Build.0 = Release|Any CPU
		{B1F7C469-F804-464F-9A23-9B234C6282B7}.Debug|Any CPU.ActiveCfg = Debug|Any CPU
		{B1F7C469-F804-464F-9A23-9B234C6282B7}.Debug|Any CPU.Build.0 = Debug|Any CPU
		{B1F7C469-F804-464F-9A23-9B234C6282B7}.Release|Any CPU.ActiveCfg = Release|Any CPU
		{B1F7C469-F804-464F-9A23-9B234C6282B7}.Release|Any CPU.Build.0 = Release|Any CPU
		{C4A9DC6A-C63F-48C2-BFB7-ED1FDC1C8C1F}.Debug|Any CPU.ActiveCfg = Debug|Any CPU
		{C4A9DC6A-C63F-48C2-BFB7-ED1FDC1C8C1F}.Debug|Any CPU.Build.0 = Debug|Any CPU
		{C4A9DC6A-C63F-48C2-BFB7-ED1FDC1C8C1F}.Release|Any CPU.ActiveCfg = Release|Any CPU
		{C4A9DC6A-C63F-48C2-BFB7-ED1FDC1C8C1F}.Release|Any CPU.Build.0 = Release|Any CPU
		{18E5B1D3-35AB-48E1-BD81-99929112FD13}.Debug|Any CPU.ActiveCfg = Debug|Any CPU
		{18E5B1D3-35AB-48E1-BD81-99929112FD13}.Debug|Any CPU.Build.0 = Debug|Any CPU
		{18E5B1D3-35AB-48E1-BD81-99929112FD13}.Release|Any CPU.ActiveCfg = Release|Any CPU
		{18E5B1D3-35AB-48E1-BD81-99929112FD13}.Release|Any CPU.Build.0 = Release|Any CPU
	EndGlobalSection
	GlobalSection(SolutionProperties) = preSolution
		HideSolutionNode = FALSE
	EndGlobalSection
	GlobalSection(NestedProjects) = preSolution
		{792AC32A-4D7A-4887-B084-CD4568DC6419} = {1876C6F0-9C65-4DA0-AC8F-9F356A83E3F1}
		{B1F7C469-F804-464F-9A23-9B234C6282B7} = {BA293A04-CD3D-42E2-AD16-E2632648A75D}
		{C4A9DC6A-C63F-48C2-BFB7-ED1FDC1C8C1F} = {0788EE7B-656A-4BB8-88BF-5DD4D8232DF6}
		{18E5B1D3-35AB-48E1-BD81-99929112FD13} = {625B1876-7578-4BA2-B1C2-E601B36C74C3}
	EndGlobalSection
	GlobalSection(ExtensibilityGlobals) = postSolution
		SolutionGuid = {A40285C6-0F5E-493C-AFE5-16EC266E7E83}
	EndGlobalSection
EndGlobal
